// !$*UTF8*$!
{
	archiveVersion = 1;
	classes = {
	};
	objectVersion = 55;
	objects = {

/* Begin PBXBuildFile section */
		DD9DF6A628C21A550080E1EF /* AppDelegate.swift in Sources */ = {isa = PBXBuildFile; fileRef = DD9DF6A528C21A550080E1EF /* AppDelegate.swift */; };
		DD9DF6A828C21A550080E1EF /* SceneDelegate.swift in Sources */ = {isa = PBXBuildFile; fileRef = DD9DF6A728C21A550080E1EF /* SceneDelegate.swift */; };
		DD9DF6AA28C21A550080E1EF /* ViewController.swift in Sources */ = {isa = PBXBuildFile; fileRef = DD9DF6A928C21A550080E1EF /* ViewController.swift */; };
		DD9DF6AD28C21A550080E1EF /* Main.storyboard in Resources */ = {isa = PBXBuildFile; fileRef = DD9DF6AB28C21A550080E1EF /* Main.storyboard */; };
		DD9DF6AF28C21A560080E1EF /* Assets.xcassets in Resources */ = {isa = PBXBuildFile; fileRef = DD9DF6AE28C21A560080E1EF /* Assets.xcassets */; };
		DD9DF6B228C21A560080E1EF /* LaunchScreen.storyboard in Resources */ = {isa = PBXBuildFile; fileRef = DD9DF6B028C21A560080E1EF /* LaunchScreen.storyboard */; };
		DD9DF6BD28C21A560080E1EF /* TemperatureConverterTests.swift in Sources */ = {isa = PBXBuildFile; fileRef = DD9DF6BC28C21A560080E1EF /* TemperatureConverterTests.swift */; };
		DD9DF6C728C21A560080E1EF /* TemperatureConverterUITests.swift in Sources */ = {isa = PBXBuildFile; fileRef = DD9DF6C628C21A560080E1EF /* TemperatureConverterUITests.swift */; };
		DD9DF6C928C21A560080E1EF /* TemperatureConverterUITestsLaunchTests.swift in Sources */ = {isa = PBXBuildFile; fileRef = DD9DF6C828C21A560080E1EF /* TemperatureConverterUITestsLaunchTests.swift */; };
		DD9DF6D628C22EDF0080E1EF /* Converter.swift in Sources */ = {isa = PBXBuildFile; fileRef = DD9DF6D528C22EDF0080E1EF /* Converter.swift */; };
/* End PBXBuildFile section */

/* Begin PBXContainerItemProxy section */
		DD9DF6B928C21A560080E1EF /* PBXContainerItemProxy */ = {
			isa = PBXContainerItemProxy;
			containerPortal = DD9DF69A28C21A550080E1EF /* Project object */;
			proxyType = 1;
			remoteGlobalIDString = DD9DF6A128C21A550080E1EF;
			remoteInfo = TemperatureConverter;
		};
		DD9DF6C328C21A560080E1EF /* PBXContainerItemProxy */ = {
			isa = PBXContainerItemProxy;
			containerPortal = DD9DF69A28C21A550080E1EF /* Project object */;
			proxyType = 1;
			remoteGlobalIDString = DD9DF6A128C21A550080E1EF;
			remoteInfo = TemperatureConverter;
		};
/* End PBXContainerItemProxy section */

/* Begin PBXFileReference section */
		DD9DF6A228C21A550080E1EF /* TemperatureConverter.app */ = {isa = PBXFileReference; explicitFileType = wrapper.application; includeInIndex = 0; path = TemperatureConverter.app; sourceTree = BUILT_PRODUCTS_DIR; };
		DD9DF6A528C21A550080E1EF /* AppDelegate.swift */ = {isa = PBXFileReference; lastKnownFileType = sourcecode.swift; path = AppDelegate.swift; sourceTree = "<group>"; };
		DD9DF6A728C21A550080E1EF /* SceneDelegate.swift */ = {isa = PBXFileReference; lastKnownFileType = sourcecode.swift; path = SceneDelegate.swift; sourceTree = "<group>"; };
		DD9DF6A928C21A550080E1EF /* ViewController.swift */ = {isa = PBXFileReference; lastKnownFileType = sourcecode.swift; path = ViewController.swift; sourceTree = "<group>"; };
		DD9DF6AC28C21A550080E1EF /* Base */ = {isa = PBXFileReference; lastKnownFileType = file.storyboard; name = Base; path = Base.lproj/Main.storyboard; sourceTree = "<group>"; };
		DD9DF6AE28C21A560080E1EF /* Assets.xcassets */ = {isa = PBXFileReference; lastKnownFileType = folder.assetcatalog; path = Assets.xcassets; sourceTree = "<group>"; };
		DD9DF6B128C21A560080E1EF /* Base */ = {isa = PBXFileReference; lastKnownFileType = file.storyboard; name = Base; path = Base.lproj/LaunchScreen.storyboard; sourceTree = "<group>"; };
		DD9DF6B328C21A560080E1EF /* Info.plist */ = {isa = PBXFileReference; lastKnownFileType = text.plist.xml; path = Info.plist; sourceTree = "<group>"; };
		DD9DF6B828C21A560080E1EF /* TemperatureConverterTests.xctest */ = {isa = PBXFileReference; explicitFileType = wrapper.cfbundle; includeInIndex = 0; path = TemperatureConverterTests.xctest; sourceTree = BUILT_PRODUCTS_DIR; };
		DD9DF6BC28C21A560080E1EF /* TemperatureConverterTests.swift */ = {isa = PBXFileReference; lastKnownFileType = sourcecode.swift; path = TemperatureConverterTests.swift; sourceTree = "<group>"; };
		DD9DF6C228C21A560080E1EF /* TemperatureConverterUITests.xctest */ = {isa = PBXFileReference; explicitFileType = wrapper.cfbundle; includeInIndex = 0; path = TemperatureConverterUITests.xctest; sourceTree = BUILT_PRODUCTS_DIR; };
		DD9DF6C628C21A560080E1EF /* TemperatureConverterUITests.swift */ = {isa = PBXFileReference; lastKnownFileType = sourcecode.swift; path = TemperatureConverterUITests.swift; sourceTree = "<group>"; };
		DD9DF6C828C21A560080E1EF /* TemperatureConverterUITestsLaunchTests.swift */ = {isa = PBXFileReference; lastKnownFileType = sourcecode.swift; path = TemperatureConverterUITestsLaunchTests.swift; sourceTree = "<group>"; };
		DD9DF6D528C22EDF0080E1EF /* Converter.swift */ = {isa = PBXFileReference; lastKnownFileType = sourcecode.swift; path = Converter.swift; sourceTree = "<group>"; };
/* End PBXFileReference section */

/* Begin PBXFrameworksBuildPhase section */
		DD9DF69F28C21A550080E1EF /* Frameworks */ = {
			isa = PBXFrameworksBuildPhase;
			buildActionMask = 2147483647;
			files = (
			);
			runOnlyForDeploymentPostprocessing = 0;
		};
		DD9DF6B528C21A560080E1EF /* Frameworks */ = {
			isa = PBXFrameworksBuildPhase;
			buildActionMask = 2147483647;
			files = (
			);
			runOnlyForDeploymentPostprocessing = 0;
		};
		DD9DF6BF28C21A560080E1EF /* Frameworks */ = {
			isa = PBXFrameworksBuildPhase;
			buildActionMask = 2147483647;
			files = (
			);
			runOnlyForDeploymentPostprocessing = 0;
		};
/* End PBXFrameworksBuildPhase section */

/* Begin PBXGroup section */
		DD9DF69928C21A550080E1EF = {
			isa = PBXGroup;
			children = (
				DD9DF6A428C21A550080E1EF /* TemperatureConverter */,
				DD9DF6BB28C21A560080E1EF /* TemperatureConverterTests */,
				DD9DF6C528C21A560080E1EF /* TemperatureConverterUITests */,
				DD9DF6A328C21A550080E1EF /* Products */,
			);
			sourceTree = "<group>";
		};
		DD9DF6A328C21A550080E1EF /* Products */ = {
			isa = PBXGroup;
			children = (
				DD9DF6A228C21A550080E1EF /* TemperatureConverter.app */,
				DD9DF6B828C21A560080E1EF /* TemperatureConverterTests.xctest */,
				DD9DF6C228C21A560080E1EF /* TemperatureConverterUITests.xctest */,
			);
			name = Products;
			sourceTree = "<group>";
		};
		DD9DF6A428C21A550080E1EF /* TemperatureConverter */ = {
			isa = PBXGroup;
			children = (
				DD9DF6A528C21A550080E1EF /* AppDelegate.swift */,
				DD9DF6A728C21A550080E1EF /* SceneDelegate.swift */,
				DD9DF6A928C21A550080E1EF /* ViewController.swift */,
				DD9DF6AB28C21A550080E1EF /* Main.storyboard */,
				DD9DF6AE28C21A560080E1EF /* Assets.xcassets */,
				DD9DF6B028C21A560080E1EF /* LaunchScreen.storyboard */,
				DD9DF6B328C21A560080E1EF /* Info.plist */,
				DD9DF6D528C22EDF0080E1EF /* Converter.swift */,
			);
			path = TemperatureConverter;
			sourceTree = "<group>";
		};
		DD9DF6BB28C21A560080E1EF /* TemperatureConverterTests */ = {
			isa = PBXGroup;
			children = (
				DD9DF6BC28C21A560080E1EF /* TemperatureConverterTests.swift */,
			);
			path = TemperatureConverterTests;
			sourceTree = "<group>";
		};
		DD9DF6C528C21A560080E1EF /* TemperatureConverterUITests */ = {
			isa = PBXGroup;
			children = (
				DD9DF6C628C21A560080E1EF /* TemperatureConverterUITests.swift */,
				DD9DF6C828C21A560080E1EF /* TemperatureConverterUITestsLaunchTests.swift */,
			);
			path = TemperatureConverterUITests;
			sourceTree = "<group>";
		};
/* End PBXGroup section */

/* Begin PBXNativeTarget section */
		DD9DF6A128C21A550080E1EF /* TemperatureConverter */ = {
			isa = PBXNativeTarget;
			buildConfigurationList = DD9DF6CC28C21A560080E1EF /* Build configuration list for PBXNativeTarget "TemperatureConverter" */;
			buildPhases = (
				DD9DF69E28C21A550080E1EF /* Sources */,
				DD9DF69F28C21A550080E1EF /* Frameworks */,
				DD9DF6A028C21A550080E1EF /* Resources */,
			);
			buildRules = (
			);
			dependencies = (
			);
			name = TemperatureConverter;
			productName = TemperatureConverter;
			productReference = DD9DF6A228C21A550080E1EF /* TemperatureConverter.app */;
			productType = "com.apple.product-type.application";
		};
		DD9DF6B728C21A560080E1EF /* TemperatureConverterTests */ = {
			isa = PBXNativeTarget;
			buildConfigurationList = DD9DF6CF28C21A560080E1EF /* Build configuration list for PBXNativeTarget "TemperatureConverterTests" */;
			buildPhases = (
				DD9DF6B428C21A560080E1EF /* Sources */,
				DD9DF6B528C21A560080E1EF /* Frameworks */,
				DD9DF6B628C21A560080E1EF /* Resources */,
			);
			buildRules = (
			);
			dependencies = (
				DD9DF6BA28C21A560080E1EF /* PBXTargetDependency */,
			);
			name = TemperatureConverterTests;
			productName = TemperatureConverterTests;
			productReference = DD9DF6B828C21A560080E1EF /* TemperatureConverterTests.xctest */;
			productType = "com.apple.product-type.bundle.unit-test";
		};
		DD9DF6C128C21A560080E1EF /* TemperatureConverterUITests */ = {
			isa = PBXNativeTarget;
			buildConfigurationList = DD9DF6D228C21A560080E1EF /* Build configuration list for PBXNativeTarget "TemperatureConverterUITests" */;
			buildPhases = (
				DD9DF6BE28C21A560080E1EF /* Sources */,
				DD9DF6BF28C21A560080E1EF /* Frameworks */,
				DD9DF6C028C21A560080E1EF /* Resources */,
			);
			buildRules = (
			);
			dependencies = (
				DD9DF6C428C21A560080E1EF /* PBXTargetDependency */,
			);
			name = TemperatureConverterUITests;
			productName = TemperatureConverterUITests;
			productReference = DD9DF6C228C21A560080E1EF /* TemperatureConverterUITests.xctest */;
			productType = "com.apple.product-type.bundle.ui-testing";
		};
/* End PBXNativeTarget section */

/* Begin PBXProject section */
		DD9DF69A28C21A550080E1EF /* Project object */ = {
			isa = PBXProject;
			attributes = {
				BuildIndependentTargetsInParallel = 1;
				LastSwiftUpdateCheck = 1340;
				LastUpgradeCheck = 1340;
				TargetAttributes = {
					DD9DF6A128C21A550080E1EF = {
						CreatedOnToolsVersion = 13.4.1;
					};
					DD9DF6B728C21A560080E1EF = {
						CreatedOnToolsVersion = 13.4.1;
						TestTargetID = DD9DF6A128C21A550080E1EF;
					};
					DD9DF6C128C21A560080E1EF = {
						CreatedOnToolsVersion = 13.4.1;
						TestTargetID = DD9DF6A128C21A550080E1EF;
					};
				};
			};
			buildConfigurationList = DD9DF69D28C21A550080E1EF /* Build configuration list for PBXProject "TemperatureConverter" */;
			compatibilityVersion = "Xcode 13.0";
			developmentRegion = en;
			hasScannedForEncodings = 0;
			knownRegions = (
				en,
				Base,
			);
			mainGroup = DD9DF69928C21A550080E1EF;
			productRefGroup = DD9DF6A328C21A550080E1EF /* Products */;
			projectDirPath = "";
			projectRoot = "";
			targets = (
				DD9DF6A128C21A550080E1EF /* TemperatureConverter */,
				DD9DF6B728C21A560080E1EF /* TemperatureConverterTests */,
				DD9DF6C128C21A560080E1EF /* TemperatureConverterUITests */,
			);
		};
/* End PBXProject section */

/* Begin PBXResourcesBuildPhase section */
		DD9DF6A028C21A550080E1EF /* Resources */ = {
			isa = PBXResourcesBuildPhase;
			buildActionMask = 2147483647;
			files = (
				DD9DF6B228C21A560080E1EF /* LaunchScreen.storyboard in Resources */,
				DD9DF6AF28C21A560080E1EF /* Assets.xcassets in Resources */,
				DD9DF6AD28C21A550080E1EF /* Main.storyboard in Resources */,
			);
			runOnlyForDeploymentPostprocessing = 0;
		};
		DD9DF6B628C21A560080E1EF /* Resources */ = {
			isa = PBXResourcesBuildPhase;
			buildActionMask = 2147483647;
			files = (
			);
			runOnlyForDeploymentPostprocessing = 0;
		};
		DD9DF6C028C21A560080E1EF /* Resources */ = {
			isa = PBXResourcesBuildPhase;
			buildActionMask = 2147483647;
			files = (
			);
			runOnlyForDeploymentPostprocessing = 0;
		};
/* End PBXResourcesBuildPhase section */

/* Begin PBXSourcesBuildPhase section */
		DD9DF69E28C21A550080E1EF /* Sources */ = {
			isa = PBXSourcesBuildPhase;
			buildActionMask = 2147483647;
			files = (
				DD9DF6AA28C21A550080E1EF /* ViewController.swift in Sources */,
				DD9DF6A628C21A550080E1EF /* AppDelegate.swift in Sources */,
				DD9DF6D628C22EDF0080E1EF /* Converter.swift in Sources */,
				DD9DF6A828C21A550080E1EF /* SceneDelegate.swift in Sources */,
			);
			runOnlyForDeploymentPostprocessing = 0;
		};
		DD9DF6B428C21A560080E1EF /* Sources */ = {
			isa = PBXSourcesBuildPhase;
			buildActionMask = 2147483647;
			files = (
				DD9DF6BD28C21A560080E1EF /* TemperatureConverterTests.swift in Sources */,
			);
			runOnlyForDeploymentPostprocessing = 0;
		};
		DD9DF6BE28C21A560080E1EF /* Sources */ = {
			isa = PBXSourcesBuildPhase;
			buildActionMask = 2147483647;
			files = (
				DD9DF6C928C21A560080E1EF /* TemperatureConverterUITestsLaunchTests.swift in Sources */,
				DD9DF6C728C21A560080E1EF /* TemperatureConverterUITests.swift in Sources */,
			);
			runOnlyForDeploymentPostprocessing = 0;
		};
/* End PBXSourcesBuildPhase section */

/* Begin PBXTargetDependency section */
		DD9DF6BA28C21A560080E1EF /* PBXTargetDependency */ = {
			isa = PBXTargetDependency;
			target = DD9DF6A128C21A550080E1EF /* TemperatureConverter */;
			targetProxy = DD9DF6B928C21A560080E1EF /* PBXContainerItemProxy */;
		};
		DD9DF6C428C21A560080E1EF /* PBXTargetDependency */ = {
			isa = PBXTargetDependency;
			target = DD9DF6A128C21A550080E1EF /* TemperatureConverter */;
			targetProxy = DD9DF6C328C21A560080E1EF /* PBXContainerItemProxy */;
		};
/* End PBXTargetDependency section */

/* Begin PBXVariantGroup section */
		DD9DF6AB28C21A550080E1EF /* Main.storyboard */ = {
			isa = PBXVariantGroup;
			children = (
				DD9DF6AC28C21A550080E1EF /* Base */,
			);
			name = Main.storyboard;
			sourceTree = "<group>";
		};
		DD9DF6B028C21A560080E1EF /* LaunchScreen.storyboard */ = {
			isa = PBXVariantGroup;
			children = (
				DD9DF6B128C21A560080E1EF /* Base */,
			);
			name = LaunchScreen.storyboard;
			sourceTree = "<group>";
		};
/* End PBXVariantGroup section */

/* Begin XCBuildConfiguration section */
		DD9DF6CA28C21A560080E1EF /* Debug */ = {
			isa = XCBuildConfiguration;
			buildSettings = {
				ALWAYS_SEARCH_USER_PATHS = NO;
				CLANG_ANALYZER_NONNULL = YES;
				CLANG_ANALYZER_NUMBER_OBJECT_CONVERSION = YES_AGGRESSIVE;
				CLANG_CXX_LANGUAGE_STANDARD = "gnu++17";
				CLANG_ENABLE_MODULES = YES;
				CLANG_ENABLE_OBJC_ARC = YES;
				CLANG_ENABLE_OBJC_WEAK = YES;
				CLANG_WARN_BLOCK_CAPTURE_AUTORELEASING = YES;
				CLANG_WARN_BOOL_CONVERSION = YES;
				CLANG_WARN_COMMA = YES;
				CLANG_WARN_CONSTANT_CONVERSION = YES;
				CLANG_WARN_DEPRECATED_OBJC_IMPLEMENTATIONS = YES;
				CLANG_WARN_DIRECT_OBJC_ISA_USAGE = YES_ERROR;
				CLANG_WARN_DOCUMENTATION_COMMENTS = YES;
				CLANG_WARN_EMPTY_BODY = YES;
				CLANG_WARN_ENUM_CONVERSION = YES;
				CLANG_WARN_INFINITE_RECURSION = YES;
				CLANG_WARN_INT_CONVERSION = YES;
				CLANG_WARN_NON_LITERAL_NULL_CONVERSION = YES;
				CLANG_WARN_OBJC_IMPLICIT_RETAIN_SELF = YES;
				CLANG_WARN_OBJC_LITERAL_CONVERSION = YES;
				CLANG_WARN_OBJC_ROOT_CLASS = YES_ERROR;
				CLANG_WARN_QUOTED_INCLUDE_IN_FRAMEWORK_HEADER = YES;
				CLANG_WARN_RANGE_LOOP_ANALYSIS = YES;
				CLANG_WARN_STRICT_PROTOTYPES = YES;
				CLANG_WARN_SUSPICIOUS_MOVE = YES;
				CLANG_WARN_UNGUARDED_AVAILABILITY = YES_AGGRESSIVE;
				CLANG_WARN_UNREACHABLE_CODE = YES;
				CLANG_WARN__DUPLICATE_METHOD_MATCH = YES;
				COPY_PHASE_STRIP = NO;
				DEBUG_INFORMATION_FORMAT = dwarf;
				ENABLE_STRICT_OBJC_MSGSEND = YES;
				ENABLE_TESTABILITY = YES;
				GCC_C_LANGUAGE_STANDARD = gnu11;
				GCC_DYNAMIC_NO_PIC = NO;
				GCC_NO_COMMON_BLOCKS = YES;
				GCC_OPTIMIZATION_LEVEL = 0;
				GCC_PREPROCESSOR_DEFINITIONS = (
					"DEBUG=1",
					"$(inherited)",
				);
				GCC_WARN_64_TO_32_BIT_CONVERSION = YES;
				GCC_WARN_ABOUT_RETURN_TYPE = YES_ERROR;
				GCC_WARN_UNDECLARED_SELECTOR = YES;
				GCC_WARN_UNINITIALIZED_AUTOS = YES_AGGRESSIVE;
				GCC_WARN_UNUSED_FUNCTION = YES;
				GCC_WARN_UNUSED_VARIABLE = YES;
				IPHONEOS_DEPLOYMENT_TARGET = 15.5;
				MTL_ENABLE_DEBUG_INFO = INCLUDE_SOURCE;
				MTL_FAST_MATH = YES;
				ONLY_ACTIVE_ARCH = YES;
				SDKROOT = iphoneos;
				SWIFT_ACTIVE_COMPILATION_CONDITIONS = DEBUG;
				SWIFT_OPTIMIZATION_LEVEL = "-Onone";
			};
			name = Debug;
		};
		DD9DF6CB28C21A560080E1EF /* Release */ = {
			isa = XCBuildConfiguration;
			buildSettings = {
				ALWAYS_SEARCH_USER_PATHS = NO;
				CLANG_ANALYZER_NONNULL = YES;
				CLANG_ANALYZER_NUMBER_OBJECT_CONVERSION = YES_AGGRESSIVE;
				CLANG_CXX_LANGUAGE_STANDARD = "gnu++17";
				CLANG_ENABLE_MODULES = YES;
				CLANG_ENABLE_OBJC_ARC = YES;
				CLANG_ENABLE_OBJC_WEAK = YES;
				CLANG_WARN_BLOCK_CAPTURE_AUTORELEASING = YES;
				CLANG_WARN_BOOL_CONVERSION = YES;
				CLANG_WARN_COMMA = YES;
				CLANG_WARN_CONSTANT_CONVERSION = YES;
				CLANG_WARN_DEPRECATED_OBJC_IMPLEMENTATIONS = YES;
				CLANG_WARN_DIRECT_OBJC_ISA_USAGE = YES_ERROR;
				CLANG_WARN_DOCUMENTATION_COMMENTS = YES;
				CLANG_WARN_EMPTY_BODY = YES;
				CLANG_WARN_ENUM_CONVERSION = YES;
				CLANG_WARN_INFINITE_RECURSION = YES;
				CLANG_WARN_INT_CONVERSION = YES;
				CLANG_WARN_NON_LITERAL_NULL_CONVERSION = YES;
				CLANG_WARN_OBJC_IMPLICIT_RETAIN_SELF = YES;
				CLANG_WARN_OBJC_LITERAL_CONVERSION = YES;
				CLANG_WARN_OBJC_ROOT_CLASS = YES_ERROR;
				CLANG_WARN_QUOTED_INCLUDE_IN_FRAMEWORK_HEADER = YES;
				CLANG_WARN_RANGE_LOOP_ANALYSIS = YES;
				CLANG_WARN_STRICT_PROTOTYPES = YES;
				CLANG_WARN_SUSPICIOUS_MOVE = YES;
				CLANG_WARN_UNGUARDED_AVAILABILITY = YES_AGGRESSIVE;
				CLANG_WARN_UNREACHABLE_CODE = YES;
				CLANG_WARN__DUPLICATE_METHOD_MATCH = YES;
				COPY_PHASE_STRIP = NO;
				DEBUG_INFORMATION_FORMAT = "dwarf-with-dsym";
				ENABLE_NS_ASSERTIONS = NO;
				ENABLE_STRICT_OBJC_MSGSEND = YES;
				GCC_C_LANGUAGE_STANDARD = gnu11;
				GCC_NO_COMMON_BLOCKS = YES;
				GCC_WARN_64_TO_32_BIT_CONVERSION = YES;
				GCC_WARN_ABOUT_RETURN_TYPE = YES_ERROR;
				GCC_WARN_UNDECLARED_SELECTOR = YES;
				GCC_WARN_UNINITIALIZED_AUTOS = YES_AGGRESSIVE;
				GCC_WARN_UNUSED_FUNCTION = YES;
				GCC_WARN_UNUSED_VARIABLE = YES;
				IPHONEOS_DEPLOYMENT_TARGET = 15.5;
				MTL_ENABLE_DEBUG_INFO = NO;
				MTL_FAST_MATH = YES;
				SDKROOT = iphoneos;
				SWIFT_COMPILATION_MODE = wholemodule;
				SWIFT_OPTIMIZATION_LEVEL = "-O";
				VALIDATE_PRODUCT = YES;
			};
			name = Release;
		};
		DD9DF6CD28C21A560080E1EF /* Debug */ = {
			isa = XCBuildConfiguration;
			buildSettings = {
				ASSETCATALOG_COMPILER_APPICON_NAME = AppIcon;
				ASSETCATALOG_COMPILER_GLOBAL_ACCENT_COLOR_NAME = AccentColor;
				CODE_SIGN_STYLE = Automatic;
				CURRENT_PROJECT_VERSION = 1;
				DEVELOPMENT_TEAM = 5HCGK89358;
				GENERATE_INFOPLIST_FILE = YES;
				INFOPLIST_FILE = TemperatureConverter/Info.plist;
				INFOPLIST_KEY_UIApplicationSupportsIndirectInputEvents = YES;
				INFOPLIST_KEY_UILaunchStoryboardName = LaunchScreen;
				INFOPLIST_KEY_UIMainStoryboardFile = Main;
				INFOPLIST_KEY_UISupportedInterfaceOrientations_iPad = "UIInterfaceOrientationPortrait UIInterfaceOrientationPortraitUpsideDown UIInterfaceOrientationLandscapeLeft UIInterfaceOrientationLandscapeRight";
				INFOPLIST_KEY_UISupportedInterfaceOrientations_iPhone = "UIInterfaceOrientationPortrait UIInterfaceOrientationLandscapeLeft UIInterfaceOrientationLandscapeRight";
				LD_RUNPATH_SEARCH_PATHS = (
					"$(inherited)",
					"@executable_path/Frameworks",
				);
				MARKETING_VERSION = 1.0;
				PRODUCT_BUNDLE_IDENTIFIER = com.ahmadardal.TemperatureConverter;
				PRODUCT_NAME = "$(TARGET_NAME)";
				SWIFT_EMIT_LOC_STRINGS = YES;
				SWIFT_VERSION = 5.0;
				TARGETED_DEVICE_FAMILY = "1,2";
			};
			name = Debug;
		};
		DD9DF6CE28C21A560080E1EF /* Release */ = {
			isa = XCBuildConfiguration;
			buildSettings = {
				ASSETCATALOG_COMPILER_APPICON_NAME = AppIcon;
				ASSETCATALOG_COMPILER_GLOBAL_ACCENT_COLOR_NAME = AccentColor;
				CODE_SIGN_STYLE = Automatic;
				CURRENT_PROJECT_VERSION = 1;
				DEVELOPMENT_TEAM = 5HCGK89358;
				GENERATE_INFOPLIST_FILE = YES;
				INFOPLIST_FILE = TemperatureConverter/Info.plist;
				INFOPLIST_KEY_UIApplicationSupportsIndirectInputEvents = YES;
				INFOPLIST_KEY_UILaunchStoryboardName = LaunchScreen;
				INFOPLIST_KEY_UIMainStoryboardFile = Main;
				INFOPLIST_KEY_UISupportedInterfaceOrientations_iPad = "UIInterfaceOrientationPortrait UIInterfaceOrientationPortraitUpsideDown UIInterfaceOrientationLandscapeLeft UIInterfaceOrientationLandscapeRight";
				INFOPLIST_KEY_UISupportedInterfaceOrientations_iPhone = "UIInterfaceOrientationPortrait UIInterfaceOrientationLandscapeLeft UIInterfaceOrientationLandscapeRight";
				LD_RUNPATH_SEARCH_PATHS = (
					"$(inherited)",
					"@executable_path/Frameworks",
				);
				MARKETING_VERSION = 1.0;
				PRODUCT_BUNDLE_IDENTIFIER = com.ahmadardal.TemperatureConverter;
				PRODUCT_NAME = "$(TARGET_NAME)";
				SWIFT_EMIT_LOC_STRINGS = YES;
				SWIFT_VERSION = 5.0;
				TARGETED_DEVICE_FAMILY = "1,2";
			};
			name = Release;
		};
		DD9DF6D028C21A560080E1EF /* Debug */ = {
			isa = XCBuildConfiguration;
			buildSettings = {
				ALWAYS_EMBED_SWIFT_STANDARD_LIBRARIES = YES;
				BUNDLE_LOADER = "$(TEST_HOST)";
				CODE_SIGN_STYLE = Automatic;
				CURRENT_PROJECT_VERSION = 1;
				DEVELOPMENT_TEAM = 5HCGK89358;
				GENERATE_INFOPLIST_FILE = YES;
				IPHONEOS_DEPLOYMENT_TARGET = 15.5;
				MARKETING_VERSION = 1.0;
				PRODUCT_BUNDLE_IDENTIFIER = com.ahmadardal.TemperatureConverterTests;
				PRODUCT_NAME = "$(TARGET_NAME)";
				SWIFT_EMIT_LOC_STRINGS = NO;
				SWIFT_VERSION = 5.0;
				TARGETED_DEVICE_FAMILY = "1,2";
				TEST_HOST = "$(BUILT_PRODUCTS_DIR)/TemperatureConverter.app/TemperatureConverter";
			};
			name = Debug;
		};
		DD9DF6D128C21A560080E1EF /* Release */ = {
			isa = XCBuildConfiguration;
			buildSettings = {
				ALWAYS_EMBED_SWIFT_STANDARD_LIBRARIES = YES;
				BUNDLE_LOADER = "$(TEST_HOST)";
				CODE_SIGN_STYLE = Automatic;
				CURRENT_PROJECT_VERSION = 1;
				DEVELOPMENT_TEAM = 5HCGK89358;
				GENERATE_INFOPLIST_FILE = YES;
				IPHONEOS_DEPLOYMENT_TARGET = 15.5;
				MARKETING_VERSION = 1.0;
				PRODUCT_BUNDLE_IDENTIFIER = com.ahmadardal.TemperatureConverterTests;
				PRODUCT_NAME = "$(TARGET_NAME)";
				SWIFT_EMIT_LOC_STRINGS = NO;
				SWIFT_VERSION = 5.0;
				TARGETED_DEVICE_FAMILY = "1,2";
				TEST_HOST = "$(BUILT_PRODUCTS_DIR)/TemperatureConverter.app/TemperatureConverter";
			};
			name = Release;
		};
		DD9DF6D328C21A560080E1EF /* Debug */ = {
			isa = XCBuildConfiguration;
			buildSettings = {
				ALWAYS_EMBED_SWIFT_STANDARD_LIBRARIES = YES;
				CODE_SIGN_STYLE = Automatic;
				CURRENT_PROJECT_VERSION = 1;
				DEVELOPMENT_TEAM = 5HCGK89358;
				GENERATE_INFOPLIST_FILE = YES;
				MARKETING_VERSION = 1.0;
				PRODUCT_BUNDLE_IDENTIFIER = com.ahmadardal.TemperatureConverterUITests;
				PRODUCT_NAME = "$(TARGET_NAME)";
				SWIFT_EMIT_LOC_STRINGS = NO;
				SWIFT_VERSION = 5.0;
				TARGETED_DEVICE_FAMILY = "1,2";
				TEST_TARGET_NAME = TemperatureConverter;
			};
			name = Debug;
		};
		DD9DF6D428C21A560080E1EF /* Release */ = {
			isa = XCBuildConfiguration;
			buildSettings = {
				ALWAYS_EMBED_SWIFT_STANDARD_LIBRARIES = YES;
				CODE_SIGN_STYLE = Automatic;
				CURRENT_PROJECT_VERSION = 1;
				DEVELOPMENT_TEAM = 5HCGK89358;
				GENERATE_INFOPLIST_FILE = YES;
				MARKETING_VERSION = 1.0;
				PRODUCT_BUNDLE_IDENTIFIER = com.ahmadardal.TemperatureConverterUITests;
				PRODUCT_NAME = "$(TARGET_NAME)";
				SWIFT_EMIT_LOC_STRINGS = NO;
				SWIFT_VERSION = 5.0;
				TARGETED_DEVICE_FAMILY = "1,2";
				TEST_TARGET_NAME = TemperatureConverter;
			};
			name = Release;
		};
/* End XCBuildConfiguration section */

/* Begin XCConfigurationList section */
		DD9DF69D28C21A550080E1EF /* Build configuration list for PBXProject "TemperatureConverter" */ = {
			isa = XCConfigurationList;
			buildConfigurations = (
				DD9DF6CA28C21A560080E1EF /* Debug */,
				DD9DF6CB28C21A560080E1EF /* Release */,
			);
			defaultConfigurationIsVisible = 0;
			defaultConfigurationName = Release;
		};
		DD9DF6CC28C21A560080E1EF /* Build configuration list for PBXNativeTarget "TemperatureConverter" */ = {
			isa = XCConfigurationList;
			buildConfigurations = (
				DD9DF6CD28C21A560080E1EF /* Debug */,
				DD9DF6CE28C21A560080E1EF /* Release */,
			);
			defaultConfigurationIsVisible = 0;
			defaultConfigurationName = Release;
		};
		DD9DF6CF28C21A560080E1EF /* Build configuration list for PBXNativeTarget "TemperatureConverterTests" */ = {
			isa = XCConfigurationList;
			buildConfigurations = (
				DD9DF6D028C21A560080E1EF /* Debug */,
				DD9DF6D128C21A560080E1EF /* Release */,
			);
			defaultConfigurationIsVisible = 0;
			defaultConfigurationName = Release;
		};
		DD9DF6D228C21A560080E1EF /* Build configuration list for PBXNativeTarget "TemperatureConverterUITests" */ = {
			isa = XCConfigurationList;
			buildConfigurations = (
				DD9DF6D328C21A560080E1EF /* Debug */,
				DD9DF6D428C21A560080E1EF /* Release */,
			);
			defaultConfigurationIsVisible = 0;
			defaultConfigurationName = Release;
		};
/* End XCConfigurationList section */
	};
	rootObject = DD9DF69A28C21A550080E1EF /* Project object */;
}
